
Microsoft Visual Studio Solution File, Format Version 12.00
# Visual Studio Version 16
VisualStudioVersion = 16.0.29709.97
MinimumVisualStudioVersion = 10.0.40219.1
Project("{FAE04EC0-301F-11D3-BF4B-00C04F79EFBC}") = "MCCC.Web", "MCCC.Web.csproj", "{A3E1382F-8D60-47A6-9842-DBE66C3FECD1}"
EndProject
Global
	GlobalSection(SolutionConfigurationPlatforms) = preSolution
		Debug|Any CPU = Debug|Any CPU
		Release|Any CPU = Release|Any CPU
	EndGlobalSection
	GlobalSection(ProjectConfigurationPlatforms) = postSolution
		{A3E1382F-8D60-47A6-9842-DBE66C3FECD1}.Debug|Any CPU.ActiveCfg = Debug|Any CPU
		{A3E1382F-8D60-47A6-9842-DBE66C3FECD1}.Debug|Any CPU.Build.0 = Debug|Any CPU
		{A3E1382F-8D60-47A6-9842-DBE66C3FECD1}.Release|Any CPU.ActiveCfg = Release|Any CPU
		{A3E1382F-8D60-47A6-9842-DBE66C3FECD1}.Release|Any CPU.Build.0 = Release|Any CPU
	EndGlobalSection
	GlobalSection(SolutionProperties) = preSolution
		HideSolutionNode = FALSE
	EndGlobalSection
	GlobalSection(ExtensibilityGlobals) = postSolution
		SolutionGuid = {E3B776D3-3EC0-4416-8AED-83940A823D7C}
	EndGlobalSection
EndGlobal
